
Microsoft Visual Studio Solution File, Format Version 12.00
# Visual Studio Version 16
VisualStudioVersion = 16.0.29519.181
MinimumVisualStudioVersion = 10.0.40219.1
Project("{FAE04EC0-301F-11D3-BF4B-00C04F79EFBC}") = "WebApi", "WebApi\WebApi.csproj", "{0DB5FC08-4B9E-49D7-B698-73BD1D870783}"
EndProject
Project("{FAE04EC0-301F-11D3-BF4B-00C04F79EFBC}") = "WebApiCore2", "WebApiCore2\WebApiCore2.csproj", "{D7E6FE93-9291-4D4C-A530-6172378CECC1}"
EndProject
Global
	GlobalSection(SolutionConfigurationPlatforms) = preSolution
		Debug|Any CPU = Debug|Any CPU
		Release|Any CPU = Release|Any CPU
	EndGlobalSection
	GlobalSection(ProjectConfigurationPlatforms) = postSolution
		{0DB5FC08-4B9E-49D7-B698-73BD1D870783}.Debug|Any CPU.ActiveCfg = Debug|Any CPU
		{0DB5FC08-4B9E-49D7-B698-73BD1D870783}.Debug|Any CPU.Build.0 = Debug|Any CPU
		{0DB5FC08-4B9E-49D7-B698-73BD1D870783}.Release|Any CPU.ActiveCfg = Release|Any CPU
		{0DB5FC08-4B9E-49D7-B698-73BD1D870783}.Release|Any CPU.Build.0 = Release|Any CPU
		{D7E6FE93-9291-4D4C-A530-6172378CECC1}.Debug|Any CPU.ActiveCfg = Debug|Any CPU
		{D7E6FE93-9291-4D4C-A530-6172378CECC1}.Debug|Any CPU.Build.0 = Debug|Any CPU
		{D7E6FE93-9291-4D4C-A530-6172378CECC1}.Release|Any CPU.ActiveCfg = Release|Any CPU
		{D7E6FE93-9291-4D4C-A530-6172378CECC1}.Release|Any CPU.Build.0 = Release|Any CPU
	EndGlobalSection
	GlobalSection(SolutionProperties) = preSolution
		HideSolutionNode = FALSE
	EndGlobalSection
	GlobalSection(ExtensibilityGlobals) = postSolution
		SolutionGuid = {77EC965B-77C4-4671-8208-603E69B06DD1}
	EndGlobalSection
EndGlobal
